
Microsoft Visual Studio Solution File, Format Version 12.00
# Visual Studio Version 17
VisualStudioVersion = 17.5.33530.505
MinimumVisualStudioVersion = 10.0.40219.1
Project("{8BC9CEB8-8B4A-11D0-8D11-00A0C91BC942}") = "HelloWorld", "HelloWorld\HelloWorld.vcxproj", "{ED0B2B7F-E4F5-40FF-90B0-1E9E00F85165}"
EndProject
Project("{8BC9CEB8-8B4A-11D0-8D11-00A0C91BC942}") = "PrintName", "PrintName\PrintName.vcxproj", "{4EF3EF3E-B179-42E2-B7FA-CEE25144387B}"
EndProject
Project("{8BC9CEB8-8B4A-11D0-8D11-00A0C91BC942}") = "TerminalMenu", "TerminalMenu\TerminalMenu.vcxproj", "{F5E2EF22-5FE0-4AB8-8C4B-55821C52205F}"
EndProject
Project("{8BC9CEB8-8B4A-11D0-8D11-00A0C91BC942}") = "Logger", "Logger\Logger.vcxproj", "{B49DFC5A-BAE8-491D-A2AA-6DA9574D4C6F}"
EndProject
Project("{8BC9CEB8-8B4A-11D0-8D11-00A0C91BC942}") = "PropertyLibrary", "PropertyLibrary\PropertyLibrary.vcxproj", "{7C83E9E5-90D4-4610-97DB-88B87F8E5B14}"
EndProject
Project("{8BC9CEB8-8B4A-11D0-8D11-00A0C91BC942}") = "PropertyLibraryTest", "PropertyLibraryTest\PropertyLibraryTest.vcxproj", "{254F89D5-522E-4790-A10E-46076750652F}"
	ProjectSection(ProjectDependencies) = postProject
		{7C83E9E5-90D4-4610-97DB-88B87F8E5B14} = {7C83E9E5-90D4-4610-97DB-88B87F8E5B14}
	EndProjectSection
EndProject
Project("{8BC9CEB8-8B4A-11D0-8D11-00A0C91BC942}") = "PrimitiveTypes", "PrimitiveTypes\PrimitiveTypes.vcxproj", "{D6FFEF00-FF3F-4527-90CD-C5C1EF5F435B}"
EndProject
Project("{8BC9CEB8-8B4A-11D0-8D11-00A0C91BC942}") = "Pointers", "Pointers\Pointers.vcxproj", "{CB11CDDD-9AAB-42B0-BC77-8F3DAAA24E54}"
EndProject
Global
	GlobalSection(SolutionConfigurationPlatforms) = preSolution
		Debug|x64 = Debug|x64
		Debug|x86 = Debug|x86
		Release|x64 = Release|x64
		Release|x86 = Release|x86
	EndGlobalSection
	GlobalSection(ProjectConfigurationPlatforms) = postSolution
		{ED0B2B7F-E4F5-40FF-90B0-1E9E00F85165}.Debug|x64.ActiveCfg = Debug|x64
		{ED0B2B7F-E4F5-40FF-90B0-1E9E00F85165}.Debug|x64.Build.0 = Debug|x64
		{ED0B2B7F-E4F5-40FF-90B0-1E9E00F85165}.Debug|x86.ActiveCfg = Debug|Win32
		{ED0B2B7F-E4F5-40FF-90B0-1E9E00F85165}.Debug|x86.Build.0 = Debug|Win32
		{ED0B2B7F-E4F5-40FF-90B0-1E9E00F85165}.Release|x64.ActiveCfg = Release|x64
		{ED0B2B7F-E4F5-40FF-90B0-1E9E00F85165}.Release|x64.Build.0 = Release|x64
		{ED0B2B7F-E4F5-40FF-90B0-1E9E00F85165}.Release|x86.ActiveCfg = Release|Win32
		{ED0B2B7F-E4F5-40FF-90B0-1E9E00F85165}.Release|x86.Build.0 = Release|Win32
		{4EF3EF3E-B179-42E2-B7FA-CEE25144387B}.Debug|x64.ActiveCfg = Debug|x64
		{4EF3EF3E-B179-42E2-B7FA-CEE25144387B}.Debug|x64.Build.0 = Debug|x64
		{4EF3EF3E-B179-42E2-B7FA-CEE25144387B}.Debug|x86.ActiveCfg = Debug|Win32
		{4EF3EF3E-B179-42E2-B7FA-CEE25144387B}.Debug|x86.Build.0 = Debug|Win32
		{4EF3EF3E-B179-42E2-B7FA-CEE25144387B}.Release|x64.ActiveCfg = Release|x64
		{4EF3EF3E-B179-42E2-B7FA-CEE25144387B}.Release|x64.Build.0 = Release|x64
		{4EF3EF3E-B179-42E2-B7FA-CEE25144387B}.Release|x86.ActiveCfg = Release|Win32
		{4EF3EF3E-B179-42E2-B7FA-CEE25144387B}.Release|x86.Build.0 = Release|Win32
		{F5E2EF22-5FE0-4AB8-8C4B-55821C52205F}.Debug|x64.ActiveCfg = Debug|x64
		{F5E2EF22-5FE0-4AB8-8C4B-55821C52205F}.Debug|x64.Build.0 = Debug|x64
		{F5E2EF22-5FE0-4AB8-8C4B-55821C52205F}.Debug|x86.ActiveCfg = Debug|Win32
		{F5E2EF22-5FE0-4AB8-8C4B-55821C52205F}.Debug|x86.Build.0 = Debug|Win32
		{F5E2EF22-5FE0-4AB8-8C4B-55821C52205F}.Release|x64.ActiveCfg = Release|x64
		{F5E2EF22-5FE0-4AB8-8C4B-55821C52205F}.Release|x64.Build.0 = Release|x64
		{F5E2EF22-5FE0-4AB8-8C4B-55821C52205F}.Release|x86.ActiveCfg = Release|Win32
		{F5E2EF22-5FE0-4AB8-8C4B-55821C52205F}.Release|x86.Build.0 = Release|Win32
		{B49DFC5A-BAE8-491D-A2AA-6DA9574D4C6F}.Debug|x64.ActiveCfg = Debug|x64
		{B49DFC5A-BAE8-491D-A2AA-6DA9574D4C6F}.Debug|x64.Build.0 = Debug|x64
		{B49DFC5A-BAE8-491D-A2AA-6DA9574D4C6F}.Debug|x86.ActiveCfg = Debug|Win32
		{B49DFC5A-BAE8-491D-A2AA-6DA9574D4C6F}.Debug|x86.Build.0 = Debug|Win32
		{B49DFC5A-BAE8-491D-A2AA-6DA9574D4C6F}.Release|x64.ActiveCfg = Release|x64
		{B49DFC5A-BAE8-491D-A2AA-6DA9574D4C6F}.Release|x64.Build.0 = Release|x64
		{B49DFC5A-BAE8-491D-A2AA-6DA9574D4C6F}.Release|x86.ActiveCfg = Release|Win32
		{B49DFC5A-BAE8-491D-A2AA-6DA9574D4C6F}.Release|x86.Build.0 = Release|Win32
		{7C83E9E5-90D4-4610-97DB-88B87F8E5B14}.Debug|x64.ActiveCfg = Debug|x64
		{7C83E9E5-90D4-4610-97DB-88B87F8E5B14}.Debug|x64.Build.0 = Debug|x64
		{7C83E9E5-90D4-4610-97DB-88B87F8E5B14}.Debug|x86.ActiveCfg = Debug|Win32
		{7C83E9E5-90D4-4610-97DB-88B87F8E5B14}.Debug|x86.Build.0 = Debug|Win32
		{7C83E9E5-90D4-4610-97DB-88B87F8E5B14}.Release|x64.ActiveCfg = Release|x64
		{7C83E9E5-90D4-4610-97DB-88B87F8E5B14}.Release|x64.Build.0 = Release|x64
		{7C83E9E5-90D4-4610-97DB-88B87F8E5B14}.Release|x86.ActiveCfg = Release|Win32
		{7C83E9E5-90D4-4610-97DB-88B87F8E5B14}.Release|x86.Build.0 = Release|Win32
		{254F89D5-522E-4790-A10E-46076750652F}.Debug|x64.ActiveCfg = Debug|x64
		{254F89D5-522E-4790-A10E-46076750652F}.Debug|x64.Build.0 = Debug|x64
		{254F89D5-522E-4790-A10E-46076750652F}.Debug|x86.ActiveCfg = Debug|Win32
		{254F89D5-522E-4790-A10E-46076750652F}.Debug|x86.Build.0 = Debug|Win32
		{254F89D5-522E-4790-A10E-46076750652F}.Release|x64.ActiveCfg = Release|x64
		{254F89D5-522E-4790-A10E-46076750652F}.Release|x64.Build.0 = Release|x64
		{254F89D5-522E-4790-A10E-46076750652F}.Release|x86.ActiveCfg = Release|Win32
		{254F89D5-522E-4790-A10E-46076750652F}.Release|x86.Build.0 = Release|Win32
		{D6FFEF00-FF3F-4527-90CD-C5C1EF5F435B}.Debug|x64.ActiveCfg = Debug|x64
		{D6FFEF00-FF3F-4527-90CD-C5C1EF5F435B}.Debug|x64.Build.0 = Debug|x64
		{D6FFEF00-FF3F-4527-90CD-C5C1EF5F435B}.Debug|x86.ActiveCfg = Debug|Win32
		{D6FFEF00-FF3F-4527-90CD-C5C1EF5F435B}.Debug|x86.Build.0 = Debug|Win32
		{D6FFEF00-FF3F-4527-90CD-C5C1EF5F435B}.Release|x64.ActiveCfg = Release|x64
		{D6FFEF00-FF3F-4527-90CD-C5C1EF5F435B}.Release|x64.Build.0 = Release|x64
		{D6FFEF00-FF3F-4527-90CD-C5C1EF5F435B}.Release|x86.ActiveCfg = Release|Win32
		{D6FFEF00-FF3F-4527-90CD-C5C1EF5F435B}.Release|x86.Build.0 = Release|Win32
		{CB11CDDD-9AAB-42B0-BC77-8F3DAAA24E54}.Debug|x64.ActiveCfg = Debug|x64
		{CB11CDDD-9AAB-42B0-BC77-8F3DAAA24E54}.Debug|x64.Build.0 = Debug|x64
		{CB11CDDD-9AAB-42B0-BC77-8F3DAAA24E54}.Debug|x86.ActiveCfg = Debug|Win32
		{CB11CDDD-9AAB-42B0-BC77-8F3DAAA24E54}.Debug|x86.Build.0 = Debug|Win32
		{CB11CDDD-9AAB-42B0-BC77-8F3DAAA24E54}.Release|x64.ActiveCfg = Release|x64
		{CB11CDDD-9AAB-42B0-BC77-8F3DAAA24E54}.Release|x64.Build.0 = Release|x64
		{CB11CDDD-9AAB-42B0-BC77-8F3DAAA24E54}.Release|x86.ActiveCfg = Release|Win32
		{CB11CDDD-9AAB-42B0-BC77-8F3DAAA24E54}.Release|x86.Build.0 = Release|Win32
	EndGlobalSection
	GlobalSection(SolutionProperties) = preSolution
		HideSolutionNode = FALSE
	EndGlobalSection
	GlobalSection(ExtensibilityGlobals) = postSolution
		SolutionGuid = {A3AC75B1-D3B3-4BE3-AFF3-71271B8418DF}
	EndGlobalSection
EndGlobal
